Microsoft Visual Studio Solution File, Format Version 11.00
# Visual Studio 2008

Project("{2D4F464A-992C-78A9-8F7C-459F7A151B81}") = "SanGuo", "Assembly-CSharp.csproj", "{C55A64EF-2361-C6D5-361D-F332FACE9F02}"
EndProject
Project("{2D4F464A-992C-78A9-8F7C-459F7A151B81}") = "SanGuo", "Assembly-CSharp-Editor.csproj", "{A934C8E7-2458-2775-4C23-FE98B9780CC8}"
EndProject
Global
	GlobalSection(SolutionConfigurationPlatforms) = preSolution
		Debug|Any CPU = Debug|Any CPU
		Release|Any CPU = Release|Any CPU
	EndGlobalSection
	GlobalSection(ProjectConfigurationPlatforms) = postSolution
		{C55A64EF-2361-C6D5-361D-F332FACE9F02}.Debug|Any CPU.ActiveCfg = Debug|Any CPU
		{C55A64EF-2361-C6D5-361D-F332FACE9F02}.Debug|Any CPU.Build.0 = Debug|Any CPU
		{C55A64EF-2361-C6D5-361D-F332FACE9F02}.Release|Any CPU.ActiveCfg = Release|Any CPU
		{C55A64EF-2361-C6D5-361D-F332FACE9F02}.Release|Any CPU.Build.0 = Release|Any CPU
		{A934C8E7-2458-2775-4C23-FE98B9780CC8}.Debug|Any CPU.ActiveCfg = Debug|Any CPU
		{A934C8E7-2458-2775-4C23-FE98B9780CC8}.Debug|Any CPU.Build.0 = Debug|Any CPU
		{A934C8E7-2458-2775-4C23-FE98B9780CC8}.Release|Any CPU.ActiveCfg = Release|Any CPU
		{A934C8E7-2458-2775-4C23-FE98B9780CC8}.Release|Any CPU.Build.0 = Release|Any CPU
	EndGlobalSection
	GlobalSection(SolutionProperties) = preSolution
		HideSolutionNode = FALSE
	EndGlobalSection
	GlobalSection(MonoDevelopProperties) = preSolution
		StartupItem = Assembly-CSharp.csproj
	EndGlobalSection
EndGlobal
